
Microsoft Visual Studio Solution File, Format Version 12.00
# Visual Studio Version 16
VisualStudioVersion = 16.0.30717.126
MinimumVisualStudioVersion = 10.0.40219.1
Project("{FAE04EC0-301F-11D3-BF4B-00C04F79EFBC}") = "WellFitPlus.Database", "WellFitPlus.Database\WellFitPlus.Database.csproj", "{80FAB963-355B-49AD-9217-340F814565F1}"
EndProject
Project("{FAE04EC0-301F-11D3-BF4B-00C04F79EFBC}") = "WellFitPlus.Common", "WellFitPlus.Common\WellFitPlus.Common.csproj", "{343E06B8-BEC1-42D4-B34E-1ACF0DE6A882}"
EndProject
Project("{FAE04EC0-301F-11D3-BF4B-00C04F79EFBC}") = "WellFitPlus.Mobile.Droid", "WellFitPlus.Mobile\WellFitPlus.Mobile.Droid\WellFitPlus.Mobile.Droid.csproj", "{B87170D2-5F9E-490E-BFD5-DBC781695299}"
EndProject
Project("{FAE04EC0-301F-11D3-BF4B-00C04F79EFBC}") = "WellFitPlus.Mobile.iOS", "WellFitPlus.Mobile\WellFitPlus.Mobile.iOS\WellFitPlus.Mobile.iOS.csproj", "{6AA0DFD5-19A9-4C92-AA03-78697FA397CE}"
EndProject
Project("{D954291E-2A0B-460D-934E-DC6B0785DB48}") = "WellFitPlus.Mobile", "WellFitPlus.Mobile\WellFitPlus.Mobile\WellFitPlus.Mobile.shproj", "{79EB2502-C051-4522-B35B-93ECBE1E69B9}"
EndProject
Project("{FAE04EC0-301F-11D3-BF4B-00C04F79EFBC}") = "WellFitPlus.WebAPI", "WellFitPlus.WebAPI\WellFitPlus.WebAPI.csproj", "{1C17A4D8-3834-4D8E-9ED4-FAF81F812D1F}"
EndProject
Project("{FAE04EC0-301F-11D3-BF4B-00C04F79EFBC}") = "WellFitPlus.RegisterUsers", "WellFitPlus.RegisterUsers\WellFitPlus.RegisterUsers.csproj", "{ABF92D77-9754-4076-AC55-8A154082710F}"
EndProject
Project("{FAE04EC0-301F-11D3-BF4B-00C04F79EFBC}") = "WellFitPlus.WebPortal", "WellFitPlus.WebPortal\WellFitPlus.WebPortal.csproj", "{E131DA3A-D52C-481F-950A-201BA77ED6BD}"
EndProject
Global
	GlobalSection(SharedMSBuildProjectFiles) = preSolution
		WellFitPlus.Mobile\WellFitPlus.Mobile\WellFitPlus.Mobile.projitems*{6aa0dfd5-19a9-4c92-aa03-78697fa397ce}*SharedItemsImports = 4
		WellFitPlus.Mobile\WellFitPlus.Mobile\WellFitPlus.Mobile.projitems*{79eb2502-c051-4522-b35b-93ecbe1e69b9}*SharedItemsImports = 13
		WellFitPlus.Mobile\WellFitPlus.Mobile\WellFitPlus.Mobile.projitems*{b87170d2-5f9e-490e-bfd5-dbc781695299}*SharedItemsImports = 4
	EndGlobalSection
	GlobalSection(SolutionConfigurationPlatforms) = preSolution
		Ad-Hoc|Any CPU = Ad-Hoc|Any CPU
		Ad-Hoc|ARM = Ad-Hoc|ARM
		Ad-Hoc|iPhone = Ad-Hoc|iPhone
		Ad-Hoc|iPhoneSimulator = Ad-Hoc|iPhoneSimulator
		Ad-Hoc|x64 = Ad-Hoc|x64
		Ad-Hoc|x86 = Ad-Hoc|x86
		AppStore|Any CPU = AppStore|Any CPU
		AppStore|ARM = AppStore|ARM
		AppStore|iPhone = AppStore|iPhone
		AppStore|iPhoneSimulator = AppStore|iPhoneSimulator
		AppStore|x64 = AppStore|x64
		AppStore|x86 = AppStore|x86
		Debug|Any CPU = Debug|Any CPU
		Debug|ARM = Debug|ARM
		Debug|iPhone = Debug|iPhone
		Debug|iPhoneSimulator = Debug|iPhoneSimulator
		Debug|x64 = Debug|x64
		Debug|x86 = Debug|x86
		Release|Any CPU = Release|Any CPU
		Release|ARM = Release|ARM
		Release|iPhone = Release|iPhone
		Release|iPhoneSimulator = Release|iPhoneSimulator
		Release|x64 = Release|x64
		Release|x86 = Release|x86
	EndGlobalSection
	GlobalSection(ProjectConfigurationPlatforms) = postSolution
		{80FAB963-355B-49AD-9217-340F814565F1}.Ad-Hoc|Any CPU.ActiveCfg = Debug|Any CPU
		{80FAB963-355B-49AD-9217-340F814565F1}.Ad-Hoc|Any CPU.Build.0 = Debug|Any CPU
		{80FAB963-355B-49AD-9217-340F814565F1}.Ad-Hoc|ARM.ActiveCfg = Debug|Any CPU
		{80FAB963-355B-49AD-9217-340F814565F1}.Ad-Hoc|ARM.Build.0 = Debug|Any CPU
		{80FAB963-355B-49AD-9217-340F814565F1}.Ad-Hoc|iPhone.ActiveCfg = Debug|Any CPU
		{80FAB963-355B-49AD-9217-340F814565F1}.Ad-Hoc|iPhone.Build.0 = Debug|Any CPU
		{80FAB963-355B-49AD-9217-340F814565F1}.Ad-Hoc|iPhoneSimulator.ActiveCfg = Debug|Any CPU
		{80FAB963-355B-49AD-9217-340F814565F1}.Ad-Hoc|iPhoneSimulator.Build.0 = Debug|Any CPU
		{80FAB963-355B-49AD-9217-340F814565F1}.Ad-Hoc|x64.ActiveCfg = Debug|Any CPU
		{80FAB963-355B-49AD-9217-340F814565F1}.Ad-Hoc|x64.Build.0 = Debug|Any CPU
		{80FAB963-355B-49AD-9217-340F814565F1}.Ad-Hoc|x86.ActiveCfg = Debug|Any CPU
		{80FAB963-355B-49AD-9217-340F814565F1}.Ad-Hoc|x86.Build.0 = Debug|Any CPU
		{80FAB963-355B-49AD-9217-340F814565F1}.AppStore|Any CPU.ActiveCfg = Release|Any CPU
		{80FAB963-355B-49AD-9217-340F814565F1}.AppStore|Any CPU.Build.0 = Release|Any CPU
		{80FAB963-355B-49AD-9217-340F814565F1}.AppStore|ARM.ActiveCfg = Debug|Any CPU
		{80FAB963-355B-49AD-9217-340F814565F1}.AppStore|ARM.Build.0 = Debug|Any CPU
		{80FAB963-355B-49AD-9217-340F814565F1}.AppStore|iPhone.ActiveCfg = Release|Any CPU
		{80FAB963-355B-49AD-9217-340F814565F1}.AppStore|iPhone.Build.0 = Release|Any CPU
		{80FAB963-355B-49AD-9217-340F814565F1}.AppStore|iPhoneSimulator.ActiveCfg = Release|Any CPU
		{80FAB963-355B-49AD-9217-340F814565F1}.AppStore|iPhoneSimulator.Build.0 = Release|Any CPU
		{80FAB963-355B-49AD-9217-340F814565F1}.AppStore|x64.ActiveCfg = Debug|Any CPU
		{80FAB963-355B-49AD-9217-340F814565F1}.AppStore|x64.Build.0 = Debug|Any CPU
		{80FAB963-355B-49AD-9217-340F814565F1}.AppStore|x86.ActiveCfg = Debug|Any CPU
		{80FAB963-355B-49AD-9217-340F814565F1}.AppStore|x86.Build.0 = Debug|Any CPU
		{80FAB963-355B-49AD-9217-340F814565F1}.Debug|Any CPU.ActiveCfg = Debug|Any CPU
		{80FAB963-355B-49AD-9217-340F814565F1}.Debug|Any CPU.Build.0 = Debug|Any CPU
		{80FAB963-355B-49AD-9217-340F814565F1}.Debug|ARM.ActiveCfg = Debug|Any CPU
		{80FAB963-355B-49AD-9217-340F814565F1}.Debug|ARM.Build.0 = Debug|Any CPU
		{80FAB963-355B-49AD-9217-340F814565F1}.Debug|iPhone.ActiveCfg = Debug|Any CPU
		{80FAB963-355B-49AD-9217-340F814565F1}.Debug|iPhone.Build.0 = Debug|Any CPU
		{80FAB963-355B-49AD-9217-340F814565F1}.Debug|iPhoneSimulator.ActiveCfg = Debug|Any CPU
		{80FAB963-355B-49AD-9217-340F814565F1}.Debug|iPhoneSimulator.Build.0 = Debug|Any CPU
		{80FAB963-355B-49AD-9217-340F814565F1}.Debug|x64.ActiveCfg = Debug|Any CPU
		{80FAB963-355B-49AD-9217-340F814565F1}.Debug|x64.Build.0 = Debug|Any CPU
		{80FAB963-355B-49AD-9217-340F814565F1}.Debug|x86.ActiveCfg = Debug|Any CPU
		{80FAB963-355B-49AD-9217-340F814565F1}.Debug|x86.Build.0 = Debug|Any CPU
		{80FAB963-355B-49AD-9217-340F814565F1}.Release|Any CPU.ActiveCfg = Release|Any CPU
		{80FAB963-355B-49AD-9217-340F814565F1}.Release|Any CPU.Build.0 = Release|Any CPU
		{80FAB963-355B-49AD-9217-340F814565F1}.Release|ARM.ActiveCfg = Release|Any CPU
		{80FAB963-355B-49AD-9217-340F814565F1}.Release|ARM.Build.0 = Release|Any CPU
		{80FAB963-355B-49AD-9217-340F814565F1}.Release|iPhone.ActiveCfg = Release|Any CPU
		{80FAB963-355B-49AD-9217-340F814565F1}.Release|iPhone.Build.0 = Release|Any CPU
		{80FAB963-355B-49AD-9217-340F814565F1}.Release|iPhoneSimulator.ActiveCfg = Release|Any CPU
		{80FAB963-355B-49AD-9217-340F814565F1}.Release|iPhoneSimulator.Build.0 = Release|Any CPU
		{80FAB963-355B-49AD-9217-340F814565F1}.Release|x64.ActiveCfg = Release|Any CPU
		{80FAB963-355B-49AD-9217-340F814565F1}.Release|x64.Build.0 = Release|Any CPU
		{80FAB963-355B-49AD-9217-340F814565F1}.Release|x86.ActiveCfg = Release|Any CPU
		{80FAB963-355B-49AD-9217-340F814565F1}.Release|x86.Build.0 = Release|Any CPU
		{343E06B8-BEC1-42D4-B34E-1ACF0DE6A882}.Ad-Hoc|Any CPU.ActiveCfg = Debug|Any CPU
		{343E06B8-BEC1-42D4-B34E-1ACF0DE6A882}.Ad-Hoc|Any CPU.Build.0 = Debug|Any CPU
		{343E06B8-BEC1-42D4-B34E-1ACF0DE6A882}.Ad-Hoc|ARM.ActiveCfg = Debug|Any CPU
		{343E06B8-BEC1-42D4-B34E-1ACF0DE6A882}.Ad-Hoc|ARM.Build.0 = Debug|Any CPU
		{343E06B8-BEC1-42D4-B34E-1ACF0DE6A882}.Ad-Hoc|iPhone.ActiveCfg = Debug|Any CPU
		{343E06B8-BEC1-42D4-B34E-1ACF0DE6A882}.Ad-Hoc|iPhone.Build.0 = Debug|Any CPU
		{343E06B8-BEC1-42D4-B34E-1ACF0DE6A882}.Ad-Hoc|iPhoneSimulator.ActiveCfg = Debug|Any CPU
		{343E06B8-BEC1-42D4-B34E-1ACF0DE6A882}.Ad-Hoc|iPhoneSimulator.Build.0 = Debug|Any CPU
		{343E06B8-BEC1-42D4-B34E-1ACF0DE6A882}.Ad-Hoc|x64.ActiveCfg = Debug|Any CPU
		{343E06B8-BEC1-42D4-B34E-1ACF0DE6A882}.Ad-Hoc|x64.Build.0 = Debug|Any CPU
		{343E06B8-BEC1-42D4-B34E-1ACF0DE6A882}.Ad-Hoc|x86.ActiveCfg = Debug|Any CPU
		{343E06B8-BEC1-42D4-B34E-1ACF0DE6A882}.Ad-Hoc|x86.Build.0 = Debug|Any CPU
		{343E06B8-BEC1-42D4-B34E-1ACF0DE6A882}.AppStore|Any CPU.ActiveCfg = Release|Any CPU
		{343E06B8-BEC1-42D4-B34E-1ACF0DE6A882}.AppStore|Any CPU.Build.0 = Release|Any CPU
		{343E06B8-BEC1-42D4-B34E-1ACF0DE6A882}.AppStore|ARM.ActiveCfg = Debug|Any CPU
		{343E06B8-BEC1-42D4-B34E-1ACF0DE6A882}.AppStore|ARM.Build.0 = Debug|Any CPU
		{343E06B8-BEC1-42D4-B34E-1ACF0DE6A882}.AppStore|iPhone.ActiveCfg = Release|Any CPU
		{343E06B8-BEC1-42D4-B34E-1ACF0DE6A882}.AppStore|iPhone.Build.0 = Release|Any CPU
		{343E06B8-BEC1-42D4-B34E-1ACF0DE6A882}.AppStore|iPhoneSimulator.ActiveCfg = Release|Any CPU
		{343E06B8-BEC1-42D4-B34E-1ACF0DE6A882}.AppStore|iPhoneSimulator.Build.0 = Release|Any CPU
		{343E06B8-BEC1-42D4-B34E-1ACF0DE6A882}.AppStore|x64.ActiveCfg = Debug|Any CPU
		{343E06B8-BEC1-42D4-B34E-1ACF0DE6A882}.AppStore|x64.Build.0 = Debug|Any CPU
		{343E06B8-BEC1-42D4-B34E-1ACF0DE6A882}.AppStore|x86.ActiveCfg = Debug|Any CPU
		{343E06B8-BEC1-42D4-B34E-1ACF0DE6A882}.AppStore|x86.Build.0 = Debug|Any CPU
		{343E06B8-BEC1-42D4-B34E-1ACF0DE6A882}.Debug|Any CPU.ActiveCfg = Debug|Any CPU
		{343E06B8-BEC1-42D4-B34E-1ACF0DE6A882}.Debug|Any CPU.Build.0 = Debug|Any CPU
		{343E06B8-BEC1-42D4-B34E-1ACF0DE6A882}.Debug|ARM.ActiveCfg = Debug|Any CPU
		{343E06B8-BEC1-42D4-B34E-1ACF0DE6A882}.Debug|ARM.Build.0 = Debug|Any CPU
		{343E06B8-BEC1-42D4-B34E-1ACF0DE6A882}.Debug|iPhone.ActiveCfg = Debug|Any CPU
		{343E06B8-BEC1-42D4-B34E-1ACF0DE6A882}.Debug|iPhone.Build.0 = Debug|Any CPU
		{343E06B8-BEC1-42D4-B34E-1ACF0DE6A882}.Debug|iPhoneSimulator.ActiveCfg = Debug|Any CPU
		{343E06B8-BEC1-42D4-B34E-1ACF0DE6A882}.Debug|iPhoneSimulator.Build.0 = Debug|Any CPU
		{343E06B8-BEC1-42D4-B34E-1ACF0DE6A882}.Debug|x64.ActiveCfg = Debug|Any CPU
		{343E06B8-BEC1-42D4-B34E-1ACF0DE6A882}.Debug|x64.Build.0 = Debug|Any CPU
		{343E06B8-BEC1-42D4-B34E-1ACF0DE6A882}.Debug|x86.ActiveCfg = Debug|Any CPU
		{343E06B8-BEC1-42D4-B34E-1ACF0DE6A882}.Debug|x86.Build.0 = Debug|Any CPU
		{343E06B8-BEC1-42D4-B34E-1ACF0DE6A882}.Release|Any CPU.ActiveCfg = Release|Any CPU
		{343E06B8-BEC1-42D4-B34E-1ACF0DE6A882}.Release|Any CPU.Build.0 = Release|Any CPU
		{343E06B8-BEC1-42D4-B34E-1ACF0DE6A882}.Release|ARM.ActiveCfg = Release|Any CPU
		{343E06B8-BEC1-42D4-B34E-1ACF0DE6A882}.Release|ARM.Build.0 = Release|Any CPU
		{343E06B8-BEC1-42D4-B34E-1ACF0DE6A882}.Release|iPhone.ActiveCfg = Release|Any CPU
		{343E06B8-BEC1-42D4-B34E-1ACF0DE6A882}.Release|iPhone.Build.0 = Release|Any CPU
		{343E06B8-BEC1-42D4-B34E-1ACF0DE6A882}.Release|iPhoneSimulator.ActiveCfg = Release|Any CPU
		{343E06B8-BEC1-42D4-B34E-1ACF0DE6A882}.Release|iPhoneSimulator.Build.0 = Release|Any CPU
		{343E06B8-BEC1-42D4-B34E-1ACF0DE6A882}.Release|x64.ActiveCfg = Release|Any CPU
		{343E06B8-BEC1-42D4-B34E-1ACF0DE6A882}.Release|x64.Build.0 = Release|Any CPU
		{343E06B8-BEC1-42D4-B34E-1ACF0DE6A882}.Release|x86.ActiveCfg = Release|Any CPU
		{343E06B8-BEC1-42D4-B34E-1ACF0DE6A882}.Release|x86.Build.0 = Release|Any CPU
		{B87170D2-5F9E-490E-BFD5-DBC781695299}.Ad-Hoc|Any CPU.ActiveCfg = Release|Any CPU
		{B87170D2-5F9E-490E-BFD5-DBC781695299}.Ad-Hoc|Any CPU.Build.0 = Release|Any CPU
		{B87170D2-5F9E-490E-BFD5-DBC781695299}.Ad-Hoc|Any CPU.Deploy.0 = Release|Any CPU
		{B87170D2-5F9E-490E-BFD5-DBC781695299}.Ad-Hoc|ARM.ActiveCfg = Release|Any CPU
		{B87170D2-5F9E-490E-BFD5-DBC781695299}.Ad-Hoc|ARM.Build.0 = Release|Any CPU
		{B87170D2-5F9E-490E-BFD5-DBC781695299}.Ad-Hoc|ARM.Deploy.0 = Release|Any CPU
		{B87170D2-5F9E-490E-BFD5-DBC781695299}.Ad-Hoc|iPhone.ActiveCfg = Release|Any CPU
		{B87170D2-5F9E-490E-BFD5-DBC781695299}.Ad-Hoc|iPhone.Build.0 = Release|Any CPU
		{B87170D2-5F9E-490E-BFD5-DBC781695299}.Ad-Hoc|iPhone.Deploy.0 = Release|Any CPU
		{B87170D2-5F9E-490E-BFD5-DBC781695299}.Ad-Hoc|iPhoneSimulator.ActiveCfg = Release|Any CPU
		{B87170D2-5F9E-490E-BFD5-DBC781695299}.Ad-Hoc|iPhoneSimulator.Build.0 = Release|Any CPU
		{B87170D2-5F9E-490E-BFD5-DBC781695299}.Ad-Hoc|iPhoneSimulator.Deploy.0 = Release|Any CPU
		{B87170D2-5F9E-490E-BFD5-DBC781695299}.Ad-Hoc|x64.ActiveCfg = Release|Any CPU
		{B87170D2-5F9E-490E-BFD5-DBC781695299}.Ad-Hoc|x64.Build.0 = Release|Any CPU
		{B87170D2-5F9E-490E-BFD5-DBC781695299}.Ad-Hoc|x64.Deploy.0 = Release|Any CPU
		{B87170D2-5F9E-490E-BFD5-DBC781695299}.Ad-Hoc|x86.ActiveCfg = Release|Any CPU
		{B87170D2-5F9E-490E-BFD5-DBC781695299}.Ad-Hoc|x86.Build.0 = Release|Any CPU
		{B87170D2-5F9E-490E-BFD5-DBC781695299}.Ad-Hoc|x86.Deploy.0 = Release|Any CPU
		{B87170D2-5F9E-490E-BFD5-DBC781695299}.AppStore|Any CPU.ActiveCfg = Release|Any CPU
		{B87170D2-5F9E-490E-BFD5-DBC781695299}.AppStore|Any CPU.Build.0 = Release|Any CPU
		{B87170D2-5F9E-490E-BFD5-DBC781695299}.AppStore|Any CPU.Deploy.0 = Release|Any CPU
		{B87170D2-5F9E-490E-BFD5-DBC781695299}.AppStore|ARM.ActiveCfg = Release|Any CPU
		{B87170D2-5F9E-490E-BFD5-DBC781695299}.AppStore|ARM.Build.0 = Release|Any CPU
		{B87170D2-5F9E-490E-BFD5-DBC781695299}.AppStore|ARM.Deploy.0 = Release|Any CPU
		{B87170D2-5F9E-490E-BFD5-DBC781695299}.AppStore|iPhone.ActiveCfg = Release|Any CPU
		{B87170D2-5F9E-490E-BFD5-DBC781695299}.AppStore|iPhone.Build.0 = Release|Any CPU
		{B87170D2-5F9E-490E-BFD5-DBC781695299}.AppStore|iPhone.Deploy.0 = Release|Any CPU
		{B87170D2-5F9E-490E-BFD5-DBC781695299}.AppStore|iPhoneSimulator.ActiveCfg = Release|Any CPU
		{B87170D2-5F9E-490E-BFD5-DBC781695299}.AppStore|iPhoneSimulator.Build.0 = Release|Any CPU
		{B87170D2-5F9E-490E-BFD5-DBC781695299}.AppStore|iPhoneSimulator.Deploy.0 = Release|Any CPU
		{B87170D2-5F9E-490E-BFD5-DBC781695299}.AppStore|x64.ActiveCfg = Release|Any CPU
		{B87170D2-5F9E-490E-BFD5-DBC781695299}.AppStore|x64.Build.0 = Release|Any CPU
		{B87170D2-5F9E-490E-BFD5-DBC781695299}.AppStore|x64.Deploy.0 = Release|Any CPU
		{B87170D2-5F9E-490E-BFD5-DBC781695299}.AppStore|x86.ActiveCfg = Release|Any CPU
		{B87170D2-5F9E-490E-BFD5-DBC781695299}.AppStore|x86.Build.0 = Release|Any CPU
		{B87170D2-5F9E-490E-BFD5-DBC781695299}.AppStore|x86.Deploy.0 = Release|Any CPU
		{B87170D2-5F9E-490E-BFD5-DBC781695299}.Debug|Any CPU.ActiveCfg = Debug|Any CPU
		{B87170D2-5F9E-490E-BFD5-DBC781695299}.Debug|Any CPU.Build.0 = Debug|Any CPU
		{B87170D2-5F9E-490E-BFD5-DBC781695299}.Debug|Any CPU.Deploy.0 = Debug|Any CPU
		{B87170D2-5F9E-490E-BFD5-DBC781695299}.Debug|ARM.ActiveCfg = Debug|Any CPU
		{B87170D2-5F9E-490E-BFD5-DBC781695299}.Debug|ARM.Build.0 = Debug|Any CPU
		{B87170D2-5F9E-490E-BFD5-DBC781695299}.Debug|ARM.Deploy.0 = Debug|Any CPU
		{B87170D2-5F9E-490E-BFD5-DBC781695299}.Debug|iPhone.ActiveCfg = Debug|Any CPU
		{B87170D2-5F9E-490E-BFD5-DBC781695299}.Debug|iPhone.Build.0 = Debug|Any CPU
		{B87170D2-5F9E-490E-BFD5-DBC781695299}.Debug|iPhone.Deploy.0 = Debug|Any CPU
		{B87170D2-5F9E-490E-BFD5-DBC781695299}.Debug|iPhoneSimulator.ActiveCfg = Debug|Any CPU
		{B87170D2-5F9E-490E-BFD5-DBC781695299}.Debug|iPhoneSimulator.Build.0 = Debug|Any CPU
		{B87170D2-5F9E-490E-BFD5-DBC781695299}.Debug|iPhoneSimulator.Deploy.0 = Debug|Any CPU
		{B87170D2-5F9E-490E-BFD5-DBC781695299}.Debug|x64.ActiveCfg = Debug|Any CPU
		{B87170D2-5F9E-490E-BFD5-DBC781695299}.Debug|x64.Build.0 = Debug|Any CPU
		{B87170D2-5F9E-490E-BFD5-DBC781695299}.Debug|x64.Deploy.0 = Debug|Any CPU
		{B87170D2-5F9E-490E-BFD5-DBC781695299}.Debug|x86.ActiveCfg = Debug|Any CPU
		{B87170D2-5F9E-490E-BFD5-DBC781695299}.Debug|x86.Build.0 = Debug|Any CPU
		{B87170D2-5F9E-490E-BFD5-DBC781695299}.Debug|x86.Deploy.0 = Debug|Any CPU
		{B87170D2-5F9E-490E-BFD5-DBC781695299}.Release|Any CPU.ActiveCfg = Release|Any CPU
		{B87170D2-5F9E-490E-BFD5-DBC781695299}.Release|Any CPU.Build.0 = Release|Any CPU
		{B87170D2-5F9E-490E-BFD5-DBC781695299}.Release|Any CPU.Deploy.0 = Release|Any CPU
		{B87170D2-5F9E-490E-BFD5-DBC781695299}.Release|ARM.ActiveCfg = Release|Any CPU
		{B87170D2-5F9E-490E-BFD5-DBC781695299}.Release|ARM.Build.0 = Release|Any CPU
		{B87170D2-5F9E-490E-BFD5-DBC781695299}.Release|ARM.Deploy.0 = Release|Any CPU
		{B87170D2-5F9E-490E-BFD5-DBC781695299}.Release|iPhone.ActiveCfg = Release|Any CPU
		{B87170D2-5F9E-490E-BFD5-DBC781695299}.Release|iPhone.Build.0 = Release|Any CPU
		{B87170D2-5F9E-490E-BFD5-DBC781695299}.Release|iPhone.Deploy.0 = Release|Any CPU
		{B87170D2-5F9E-490E-BFD5-DBC781695299}.Release|iPhoneSimulator.ActiveCfg = Release|Any CPU
		{B87170D2-5F9E-490E-BFD5-DBC781695299}.Release|iPhoneSimulator.Build.0 = Release|Any CPU
		{B87170D2-5F9E-490E-BFD5-DBC781695299}.Release|iPhoneSimulator.Deploy.0 = Release|Any CPU
		{B87170D2-5F9E-490E-BFD5-DBC781695299}.Release|x64.ActiveCfg = Release|Any CPU
		{B87170D2-5F9E-490E-BFD5-DBC781695299}.Release|x64.Build.0 = Release|Any CPU
		{B87170D2-5F9E-490E-BFD5-DBC781695299}.Release|x64.Deploy.0 = Release|Any CPU
		{B87170D2-5F9E-490E-BFD5-DBC781695299}.Release|x86.ActiveCfg = Release|Any CPU
		{B87170D2-5F9E-490E-BFD5-DBC781695299}.Release|x86.Build.0 = Release|Any CPU
		{B87170D2-5F9E-490E-BFD5-DBC781695299}.Release|x86.Deploy.0 = Release|Any CPU
		{6AA0DFD5-19A9-4C92-AA03-78697FA397CE}.Ad-Hoc|Any CPU.ActiveCfg = Ad-Hoc|iPhone
		{6AA0DFD5-19A9-4C92-AA03-78697FA397CE}.Ad-Hoc|ARM.ActiveCfg = Ad-Hoc|iPhone
		{6AA0DFD5-19A9-4C92-AA03-78697FA397CE}.Ad-Hoc|iPhone.ActiveCfg = Ad-Hoc|iPhone
		{6AA0DFD5-19A9-4C92-AA03-78697FA397CE}.Ad-Hoc|iPhone.Build.0 = Ad-Hoc|iPhone
		{6AA0DFD5-19A9-4C92-AA03-78697FA397CE}.Ad-Hoc|iPhoneSimulator.ActiveCfg = Ad-Hoc|iPhoneSimulator
		{6AA0DFD5-19A9-4C92-AA03-78697FA397CE}.Ad-Hoc|iPhoneSimulator.Build.0 = Ad-Hoc|iPhoneSimulator
		{6AA0DFD5-19A9-4C92-AA03-78697FA397CE}.Ad-Hoc|x64.ActiveCfg = Ad-Hoc|iPhone
		{6AA0DFD5-19A9-4C92-AA03-78697FA397CE}.Ad-Hoc|x86.ActiveCfg = Ad-Hoc|iPhone
		{6AA0DFD5-19A9-4C92-AA03-78697FA397CE}.AppStore|Any CPU.ActiveCfg = AppStore|iPhone
		{6AA0DFD5-19A9-4C92-AA03-78697FA397CE}.AppStore|ARM.ActiveCfg = AppStore|iPhone
		{6AA0DFD5-19A9-4C92-AA03-78697FA397CE}.AppStore|iPhone.ActiveCfg = AppStore|iPhone
		{6AA0DFD5-19A9-4C92-AA03-78697FA397CE}.AppStore|iPhone.Build.0 = AppStore|iPhone
		{6AA0DFD5-19A9-4C92-AA03-78697FA397CE}.AppStore|iPhoneSimulator.ActiveCfg = AppStore|iPhoneSimulator
		{6AA0DFD5-19A9-4C92-AA03-78697FA397CE}.AppStore|iPhoneSimulator.Build.0 = AppStore|iPhoneSimulator
		{6AA0DFD5-19A9-4C92-AA03-78697FA397CE}.AppStore|x64.ActiveCfg = AppStore|iPhone
		{6AA0DFD5-19A9-4C92-AA03-78697FA397CE}.AppStore|x86.ActiveCfg = AppStore|iPhone
		{6AA0DFD5-19A9-4C92-AA03-78697FA397CE}.Debug|Any CPU.ActiveCfg = Debug|iPhone
		{6AA0DFD5-19A9-4C92-AA03-78697FA397CE}.Debug|ARM.ActiveCfg = Debug|iPhone
		{6AA0DFD5-19A9-4C92-AA03-78697FA397CE}.Debug|iPhone.ActiveCfg = Debug|iPhone
		{6AA0DFD5-19A9-4C92-AA03-78697FA397CE}.Debug|iPhone.Build.0 = Debug|iPhone
		{6AA0DFD5-19A9-4C92-AA03-78697FA397CE}.Debug|iPhoneSimulator.ActiveCfg = Debug|iPhoneSimulator
		{6AA0DFD5-19A9-4C92-AA03-78697FA397CE}.Debug|iPhoneSimulator.Build.0 = Debug|iPhoneSimulator
		{6AA0DFD5-19A9-4C92-AA03-78697FA397CE}.Debug|x64.ActiveCfg = Debug|iPhone
		{6AA0DFD5-19A9-4C92-AA03-78697FA397CE}.Debug|x86.ActiveCfg = Debug|iPhone
		{6AA0DFD5-19A9-4C92-AA03-78697FA397CE}.Release|Any CPU.ActiveCfg = Release|iPhone
		{6AA0DFD5-19A9-4C92-AA03-78697FA397CE}.Release|ARM.ActiveCfg = Release|iPhone
		{6AA0DFD5-19A9-4C92-AA03-78697FA397CE}.Release|iPhone.ActiveCfg = Release|iPhone
		{6AA0DFD5-19A9-4C92-AA03-78697FA397CE}.Release|iPhone.Build.0 = Release|iPhone
		{6AA0DFD5-19A9-4C92-AA03-78697FA397CE}.Release|iPhoneSimulator.ActiveCfg = Release|iPhoneSimulator
		{6AA0DFD5-19A9-4C92-AA03-78697FA397CE}.Release|iPhoneSimulator.Build.0 = Release|iPhoneSimulator
		{6AA0DFD5-19A9-4C92-AA03-78697FA397CE}.Release|x64.ActiveCfg = Release|iPhone
		{6AA0DFD5-19A9-4C92-AA03-78697FA397CE}.Release|x86.ActiveCfg = Release|iPhone
		{1C17A4D8-3834-4D8E-9ED4-FAF81F812D1F}.Ad-Hoc|Any CPU.ActiveCfg = Debug|Any CPU
		{1C17A4D8-3834-4D8E-9ED4-FAF81F812D1F}.Ad-Hoc|Any CPU.Build.0 = Debug|Any CPU
		{1C17A4D8-3834-4D8E-9ED4-FAF81F812D1F}.Ad-Hoc|ARM.ActiveCfg = Debug|Any CPU
		{1C17A4D8-3834-4D8E-9ED4-FAF81F812D1F}.Ad-Hoc|ARM.Build.0 = Debug|Any CPU
		{1C17A4D8-3834-4D8E-9ED4-FAF81F812D1F}.Ad-Hoc|iPhone.ActiveCfg = Debug|Any CPU
		{1C17A4D8-3834-4D8E-9ED4-FAF81F812D1F}.Ad-Hoc|iPhone.Build.0 = Debug|Any CPU
		{1C17A4D8-3834-4D8E-9ED4-FAF81F812D1F}.Ad-Hoc|iPhoneSimulator.ActiveCfg = Debug|Any CPU
		{1C17A4D8-3834-4D8E-9ED4-FAF81F812D1F}.Ad-Hoc|iPhoneSimulator.Build.0 = Debug|Any CPU
		{1C17A4D8-3834-4D8E-9ED4-FAF81F812D1F}.Ad-Hoc|x64.ActiveCfg = Debug|Any CPU
		{1C17A4D8-3834-4D8E-9ED4-FAF81F812D1F}.Ad-Hoc|x64.Build.0 = Debug|Any CPU
		{1C17A4D8-3834-4D8E-9ED4-FAF81F812D1F}.Ad-Hoc|x86.ActiveCfg = Debug|Any CPU
		{1C17A4D8-3834-4D8E-9ED4-FAF81F812D1F}.Ad-Hoc|x86.Build.0 = Debug|Any CPU
		{1C17A4D8-3834-4D8E-9ED4-FAF81F812D1F}.AppStore|Any CPU.ActiveCfg = Release|Any CPU
		{1C17A4D8-3834-4D8E-9ED4-FAF81F812D1F}.AppStore|Any CPU.Build.0 = Release|Any CPU
		{1C17A4D8-3834-4D8E-9ED4-FAF81F812D1F}.AppStore|ARM.ActiveCfg = Debug|Any CPU
		{1C17A4D8-3834-4D8E-9ED4-FAF81F812D1F}.AppStore|ARM.Build.0 = Debug|Any CPU
		{1C17A4D8-3834-4D8E-9ED4-FAF81F812D1F}.AppStore|iPhone.ActiveCfg = Release|Any CPU
		{1C17A4D8-3834-4D8E-9ED4-FAF81F812D1F}.AppStore|iPhone.Build.0 = Release|Any CPU
		{1C17A4D8-3834-4D8E-9ED4-FAF81F812D1F}.AppStore|iPhoneSimulator.ActiveCfg = Release|Any CPU
		{1C17A4D8-3834-4D8E-9ED4-FAF81F812D1F}.AppStore|iPhoneSimulator.Build.0 = Release|Any CPU
		{1C17A4D8-3834-4D8E-9ED4-FAF81F812D1F}.AppStore|x64.ActiveCfg = Debug|Any CPU
		{1C17A4D8-3834-4D8E-9ED4-FAF81F812D1F}.AppStore|x64.Build.0 = Debug|Any CPU
		{1C17A4D8-3834-4D8E-9ED4-FAF81F812D1F}.AppStore|x86.ActiveCfg = Debug|Any CPU
		{1C17A4D8-3834-4D8E-9ED4-FAF81F812D1F}.AppStore|x86.Build.0 = Debug|Any CPU
		{1C17A4D8-3834-4D8E-9ED4-FAF81F812D1F}.Debug|Any CPU.ActiveCfg = Debug|Any CPU
		{1C17A4D8-3834-4D8E-9ED4-FAF81F812D1F}.Debug|Any CPU.Build.0 = Debug|Any CPU
		{1C17A4D8-3834-4D8E-9ED4-FAF81F812D1F}.Debug|ARM.ActiveCfg = Debug|Any CPU
		{1C17A4D8-3834-4D8E-9ED4-FAF81F812D1F}.Debug|ARM.Build.0 = Debug|Any CPU
		{1C17A4D8-3834-4D8E-9ED4-FAF81F812D1F}.Debug|iPhone.ActiveCfg = Debug|Any CPU
		{1C17A4D8-3834-4D8E-9ED4-FAF81F812D1F}.Debug|iPhone.Build.0 = Debug|Any CPU
		{1C17A4D8-3834-4D8E-9ED4-FAF81F812D1F}.Debug|iPhoneSimulator.ActiveCfg = Debug|Any CPU
		{1C17A4D8-3834-4D8E-9ED4-FAF81F812D1F}.Debug|iPhoneSimulator.Build.0 = Debug|Any CPU
		{1C17A4D8-3834-4D8E-9ED4-FAF81F812D1F}.Debug|x64.ActiveCfg = Debug|Any CPU
		{1C17A4D8-3834-4D8E-9ED4-FAF81F812D1F}.Debug|x64.Build.0 = Debug|Any CPU
		{1C17A4D8-3834-4D8E-9ED4-FAF81F812D1F}.Debug|x86.ActiveCfg = Debug|Any CPU
		{1C17A4D8-3834-4D8E-9ED4-FAF81F812D1F}.Debug|x86.Build.0 = Debug|Any CPU
		{1C17A4D8-3834-4D8E-9ED4-FAF81F812D1F}.Release|Any CPU.ActiveCfg = Release|Any CPU
		{1C17A4D8-3834-4D8E-9ED4-FAF81F812D1F}.Release|Any CPU.Build.0 = Release|Any CPU
		{1C17A4D8-3834-4D8E-9ED4-FAF81F812D1F}.Release|ARM.ActiveCfg = Release|Any CPU
		{1C17A4D8-3834-4D8E-9ED4-FAF81F812D1F}.Release|ARM.Build.0 = Release|Any CPU
		{1C17A4D8-3834-4D8E-9ED4-FAF81F812D1F}.Release|iPhone.ActiveCfg = Release|Any CPU
		{1C17A4D8-3834-4D8E-9ED4-FAF81F812D1F}.Release|iPhone.Build.0 = Release|Any CPU
		{1C17A4D8-3834-4D8E-9ED4-FAF81F812D1F}.Release|iPhoneSimulator.ActiveCfg = Release|Any CPU
		{1C17A4D8-3834-4D8E-9ED4-FAF81F812D1F}.Release|iPhoneSimulator.Build.0 = Release|Any CPU
		{1C17A4D8-3834-4D8E-9ED4-FAF81F812D1F}.Release|x64.ActiveCfg = Release|Any CPU
		{1C17A4D8-3834-4D8E-9ED4-FAF81F812D1F}.Release|x64.Build.0 = Release|Any CPU
		{1C17A4D8-3834-4D8E-9ED4-FAF81F812D1F}.Release|x86.ActiveCfg = Release|Any CPU
		{1C17A4D8-3834-4D8E-9ED4-FAF81F812D1F}.Release|x86.Build.0 = Release|Any CPU
		{ABF92D77-9754-4076-AC55-8A154082710F}.Ad-Hoc|Any CPU.ActiveCfg = Release|Any CPU
		{ABF92D77-9754-4076-AC55-8A154082710F}.Ad-Hoc|Any CPU.Build.0 = Release|Any CPU
		{ABF92D77-9754-4076-AC55-8A154082710F}.Ad-Hoc|ARM.ActiveCfg = Release|Any CPU
		{ABF92D77-9754-4076-AC55-8A154082710F}.Ad-Hoc|ARM.Build.0 = Release|Any CPU
		{ABF92D77-9754-4076-AC55-8A154082710F}.Ad-Hoc|iPhone.ActiveCfg = Release|Any CPU
		{ABF92D77-9754-4076-AC55-8A154082710F}.Ad-Hoc|iPhone.Build.0 = Release|Any CPU
		{ABF92D77-9754-4076-AC55-8A154082710F}.Ad-Hoc|iPhoneSimulator.ActiveCfg = Release|Any CPU
		{ABF92D77-9754-4076-AC55-8A154082710F}.Ad-Hoc|iPhoneSimulator.Build.0 = Release|Any CPU
		{ABF92D77-9754-4076-AC55-8A154082710F}.Ad-Hoc|x64.ActiveCfg = Release|Any CPU
		{ABF92D77-9754-4076-AC55-8A154082710F}.Ad-Hoc|x64.Build.0 = Release|Any CPU
		{ABF92D77-9754-4076-AC55-8A154082710F}.Ad-Hoc|x86.ActiveCfg = Release|Any CPU
		{ABF92D77-9754-4076-AC55-8A154082710F}.Ad-Hoc|x86.Build.0 = Release|Any CPU
		{ABF92D77-9754-4076-AC55-8A154082710F}.AppStore|Any CPU.ActiveCfg = Release|Any CPU
		{ABF92D77-9754-4076-AC55-8A154082710F}.AppStore|Any CPU.Build.0 = Release|Any CPU
		{ABF92D77-9754-4076-AC55-8A154082710F}.AppStore|ARM.ActiveCfg = Release|Any CPU
		{ABF92D77-9754-4076-AC55-8A154082710F}.AppStore|ARM.Build.0 = Release|Any CPU
		{ABF92D77-9754-4076-AC55-8A154082710F}.AppStore|iPhone.ActiveCfg = Release|Any CPU
		{ABF92D77-9754-4076-AC55-8A154082710F}.AppStore|iPhone.Build.0 = Release|Any CPU
		{ABF92D77-9754-4076-AC55-8A154082710F}.AppStore|iPhoneSimulator.ActiveCfg = Release|Any CPU
		{ABF92D77-9754-4076-AC55-8A154082710F}.AppStore|iPhoneSimulator.Build.0 = Release|Any CPU
		{ABF92D77-9754-4076-AC55-8A154082710F}.AppStore|x64.ActiveCfg = Release|Any CPU
		{ABF92D77-9754-4076-AC55-8A154082710F}.AppStore|x64.Build.0 = Release|Any CPU
		{ABF92D77-9754-4076-AC55-8A154082710F}.AppStore|x86.ActiveCfg = Release|Any CPU
		{ABF92D77-9754-4076-AC55-8A154082710F}.AppStore|x86.Build.0 = Release|Any CPU
		{ABF92D77-9754-4076-AC55-8A154082710F}.Debug|Any CPU.ActiveCfg = Debug|Any CPU
		{ABF92D77-9754-4076-AC55-8A154082710F}.Debug|Any CPU.Build.0 = Debug|Any CPU
		{ABF92D77-9754-4076-AC55-8A154082710F}.Debug|ARM.ActiveCfg = Debug|Any CPU
		{ABF92D77-9754-4076-AC55-8A154082710F}.Debug|ARM.Build.0 = Debug|Any CPU
		{ABF92D77-9754-4076-AC55-8A154082710F}.Debug|iPhone.ActiveCfg = Debug|Any CPU
		{ABF92D77-9754-4076-AC55-8A154082710F}.Debug|iPhone.Build.0 = Debug|Any CPU
		{ABF92D77-9754-4076-AC55-8A154082710F}.Debug|iPhoneSimulator.ActiveCfg = Debug|Any CPU
		{ABF92D77-9754-4076-AC55-8A154082710F}.Debug|iPhoneSimulator.Build.0 = Debug|Any CPU
		{ABF92D77-9754-4076-AC55-8A154082710F}.Debug|x64.ActiveCfg = Debug|Any CPU
		{ABF92D77-9754-4076-AC55-8A154082710F}.Debug|x64.Build.0 = Debug|Any CPU
		{ABF92D77-9754-4076-AC55-8A154082710F}.Debug|x86.ActiveCfg = Debug|Any CPU
		{ABF92D77-9754-4076-AC55-8A154082710F}.Debug|x86.Build.0 = Debug|Any CPU
		{ABF92D77-9754-4076-AC55-8A154082710F}.Release|Any CPU.ActiveCfg = Release|Any CPU
		{ABF92D77-9754-4076-AC55-8A154082710F}.Release|Any CPU.Build.0 = Release|Any CPU
		{ABF92D77-9754-4076-AC55-8A154082710F}.Release|ARM.ActiveCfg = Release|Any CPU
		{ABF92D77-9754-4076-AC55-8A154082710F}.Release|ARM.Build.0 = Release|Any CPU
		{ABF92D77-9754-4076-AC55-8A154082710F}.Release|iPhone.ActiveCfg = Release|Any CPU
		{ABF92D77-9754-4076-AC55-8A154082710F}.Release|iPhone.Build.0 = Release|Any CPU
		{ABF92D77-9754-4076-AC55-8A154082710F}.Release|iPhoneSimulator.ActiveCfg = Release|Any CPU
		{ABF92D77-9754-4076-AC55-8A154082710F}.Release|iPhoneSimulator.Build.0 = Release|Any CPU
		{ABF92D77-9754-4076-AC55-8A154082710F}.Release|x64.ActiveCfg = Release|Any CPU
		{ABF92D77-9754-4076-AC55-8A154082710F}.Release|x64.Build.0 = Release|Any CPU
		{ABF92D77-9754-4076-AC55-8A154082710F}.Release|x86.ActiveCfg = Release|Any CPU
		{ABF92D77-9754-4076-AC55-8A154082710F}.Release|x86.Build.0 = Release|Any CPU
		{E131DA3A-D52C-481F-950A-201BA77ED6BD}.Ad-Hoc|Any CPU.ActiveCfg = Debug|Any CPU
		{E131DA3A-D52C-481F-950A-201BA77ED6BD}.Ad-Hoc|Any CPU.Build.0 = Debug|Any CPU
		{E131DA3A-D52C-481F-950A-201BA77ED6BD}.Ad-Hoc|ARM.ActiveCfg = Debug|Any CPU
		{E131DA3A-D52C-481F-950A-201BA77ED6BD}.Ad-Hoc|ARM.Build.0 = Debug|Any CPU
		{E131DA3A-D52C-481F-950A-201BA77ED6BD}.Ad-Hoc|iPhone.ActiveCfg = Debug|Any CPU
		{E131DA3A-D52C-481F-950A-201BA77ED6BD}.Ad-Hoc|iPhone.Build.0 = Debug|Any CPU
		{E131DA3A-D52C-481F-950A-201BA77ED6BD}.Ad-Hoc|iPhoneSimulator.ActiveCfg = Debug|Any CPU
		{E131DA3A-D52C-481F-950A-201BA77ED6BD}.Ad-Hoc|iPhoneSimulator.Build.0 = Debug|Any CPU
		{E131DA3A-D52C-481F-950A-201BA77ED6BD}.Ad-Hoc|x64.ActiveCfg = Debug|Any CPU
		{E131DA3A-D52C-481F-950A-201BA77ED6BD}.Ad-Hoc|x64.Build.0 = Debug|Any CPU
		{E131DA3A-D52C-481F-950A-201BA77ED6BD}.Ad-Hoc|x86.ActiveCfg = Debug|Any CPU
		{E131DA3A-D52C-481F-950A-201BA77ED6BD}.Ad-Hoc|x86.Build.0 = Debug|Any CPU
		{E131DA3A-D52C-481F-950A-201BA77ED6BD}.AppStore|Any CPU.ActiveCfg = Release|Any CPU
		{E131DA3A-D52C-481F-950A-201BA77ED6BD}.AppStore|Any CPU.Build.0 = Release|Any CPU
		{E131DA3A-D52C-481F-950A-201BA77ED6BD}.AppStore|ARM.ActiveCfg = Debug|Any CPU
		{E131DA3A-D52C-481F-950A-201BA77ED6BD}.AppStore|ARM.Build.0 = Debug|Any CPU
		{E131DA3A-D52C-481F-950A-201BA77ED6BD}.AppStore|iPhone.ActiveCfg = Release|Any CPU
		{E131DA3A-D52C-481F-950A-201BA77ED6BD}.AppStore|iPhone.Build.0 = Release|Any CPU
		{E131DA3A-D52C-481F-950A-201BA77ED6BD}.AppStore|iPhoneSimulator.ActiveCfg = Release|Any CPU
		{E131DA3A-D52C-481F-950A-201BA77ED6BD}.AppStore|iPhoneSimulator.Build.0 = Release|Any CPU
		{E131DA3A-D52C-481F-950A-201BA77ED6BD}.AppStore|x64.ActiveCfg = Debug|Any CPU
		{E131DA3A-D52C-481F-950A-201BA77ED6BD}.AppStore|x64.Build.0 = Debug|Any CPU
		{E131DA3A-D52C-481F-950A-201BA77ED6BD}.AppStore|x86.ActiveCfg = Debug|Any CPU
		{E131DA3A-D52C-481F-950A-201BA77ED6BD}.AppStore|x86.Build.0 = Debug|Any CPU
		{E131DA3A-D52C-481F-950A-201BA77ED6BD}.Debug|Any CPU.ActiveCfg = Debug|Any CPU
		{E131DA3A-D52C-481F-950A-201BA77ED6BD}.Debug|Any CPU.Build.0 = Debug|Any CPU
		{E131DA3A-D52C-481F-950A-201BA77ED6BD}.Debug|ARM.ActiveCfg = Debug|Any CPU
		{E131DA3A-D52C-481F-950A-201BA77ED6BD}.Debug|ARM.Build.0 = Debug|Any CPU
		{E131DA3A-D52C-481F-950A-201BA77ED6BD}.Debug|iPhone.ActiveCfg = Debug|Any CPU
		{E131DA3A-D52C-481F-950A-201BA77ED6BD}.Debug|iPhone.Build.0 = Debug|Any CPU
		{E131DA3A-D52C-481F-950A-201BA77ED6BD}.Debug|iPhoneSimulator.ActiveCfg = Debug|Any CPU
		{E131DA3A-D52C-481F-950A-201BA77ED6BD}.Debug|iPhoneSimulator.Build.0 = Debug|Any CPU
		{E131DA3A-D52C-481F-950A-201BA77ED6BD}.Debug|x64.ActiveCfg = Debug|Any CPU
		{E131DA3A-D52C-481F-950A-201BA77ED6BD}.Debug|x64.Build.0 = Debug|Any CPU
		{E131DA3A-D52C-481F-950A-201BA77ED6BD}.Debug|x86.ActiveCfg = Debug|Any CPU
		{E131DA3A-D52C-481F-950A-201BA77ED6BD}.Debug|x86.Build.0 = Debug|Any CPU
		{E131DA3A-D52C-481F-950A-201BA77ED6BD}.Release|Any CPU.ActiveCfg = Release|Any CPU
		{E131DA3A-D52C-481F-950A-201BA77ED6BD}.Release|Any CPU.Build.0 = Release|Any CPU
		{E131DA3A-D52C-481F-950A-201BA77ED6BD}.Release|ARM.ActiveCfg = Release|Any CPU
		{E131DA3A-D52C-481F-950A-201BA77ED6BD}.Release|ARM.Build.0 = Release|Any CPU
		{E131DA3A-D52C-481F-950A-201BA77ED6BD}.Release|iPhone.ActiveCfg = Release|Any CPU
		{E131DA3A-D52C-481F-950A-201BA77ED6BD}.Release|iPhone.Build.0 = Release|Any CPU
		{E131DA3A-D52C-481F-950A-201BA77ED6BD}.Release|iPhoneSimulator.ActiveCfg = Release|Any CPU
		{E131DA3A-D52C-481F-950A-201BA77ED6BD}.Release|iPhoneSimulator.Build.0 = Release|Any CPU
		{E131DA3A-D52C-481F-950A-201BA77ED6BD}.Release|x64.ActiveCfg = Release|Any CPU
		{E131DA3A-D52C-481F-950A-201BA77ED6BD}.Release|x64.Build.0 = Release|Any CPU
		{E131DA3A-D52C-481F-950A-201BA77ED6BD}.Release|x86.ActiveCfg = Release|Any CPU
		{E131DA3A-D52C-481F-950A-201BA77ED6BD}.Release|x86.Build.0 = Release|Any CPU
	EndGlobalSection
	GlobalSection(SolutionProperties) = preSolution
		HideSolutionNode = FALSE
	EndGlobalSection
	GlobalSection(ExtensibilityGlobals) = postSolution
		SolutionGuid = {E103B5F9-5071-41DD-B465-B2AE2F4804E7}
	EndGlobalSection
EndGlobal
