
Microsoft Visual Studio Solution File, Format Version 12.00
# Visual Studio 2012
Project("{FAE04EC0-301F-11D3-BF4B-00C04F79EFBC}") = "WellFitPlus.Mobile.iOS", "WellFitPlus.Mobile.iOS.csproj", "{6AA0DFD5-19A9-4C92-AA03-78697FA397CE}"
EndProject
Global
	GlobalSection(SolutionConfigurationPlatforms) = preSolution
		Debug|iPhoneSimulator = Debug|iPhoneSimulator
		Release|iPhoneSimulator = Release|iPhoneSimulator
		Debug|iPhone = Debug|iPhone
		Release|iPhone = Release|iPhone
		Ad-Hoc|iPhone = Ad-Hoc|iPhone
		AppStore|iPhone = AppStore|iPhone
	EndGlobalSection
	GlobalSection(ProjectConfigurationPlatforms) = postSolution
		{6AA0DFD5-19A9-4C92-AA03-78697FA397CE}.Debug|iPhoneSimulator.ActiveCfg = Debug|iPhoneSimulator
		{6AA0DFD5-19A9-4C92-AA03-78697FA397CE}.Debug|iPhoneSimulator.Build.0 = Debug|iPhoneSimulator
		{6AA0DFD5-19A9-4C92-AA03-78697FA397CE}.Release|iPhoneSimulator.ActiveCfg = Release|iPhoneSimulator
		{6AA0DFD5-19A9-4C92-AA03-78697FA397CE}.Release|iPhoneSimulator.Build.0 = Release|iPhoneSimulator
		{6AA0DFD5-19A9-4C92-AA03-78697FA397CE}.Debug|iPhone.ActiveCfg = Debug|iPhone
		{6AA0DFD5-19A9-4C92-AA03-78697FA397CE}.Debug|iPhone.Build.0 = Debug|iPhone
		{6AA0DFD5-19A9-4C92-AA03-78697FA397CE}.Release|iPhone.ActiveCfg = Release|iPhone
		{6AA0DFD5-19A9-4C92-AA03-78697FA397CE}.Release|iPhone.Build.0 = Release|iPhone
		{6AA0DFD5-19A9-4C92-AA03-78697FA397CE}.Ad-Hoc|iPhone.ActiveCfg = Ad-Hoc|iPhone
		{6AA0DFD5-19A9-4C92-AA03-78697FA397CE}.Ad-Hoc|iPhone.Build.0 = Ad-Hoc|iPhone
		{6AA0DFD5-19A9-4C92-AA03-78697FA397CE}.AppStore|iPhone.ActiveCfg = AppStore|iPhone
		{6AA0DFD5-19A9-4C92-AA03-78697FA397CE}.AppStore|iPhone.Build.0 = AppStore|iPhone
	EndGlobalSection
EndGlobal
